
Microsoft Visual Studio Solution File, Format Version 12.00
# Visual Studio Version 16
VisualStudioVersion = 16.0.30002.166
MinimumVisualStudioVersion = 10.0.40219.1
Project("{9A19103F-16F7-4668-BE54-9A1E7A4F7556}") = "AntiFraud.API", "AntiFraud.API\AntiFraud.API.csproj", "{16C97032-CFDD-4277-966B-9B2042ABB6C5}"
EndProject
Project("{FAE04EC0-301F-11D3-BF4B-00C04F79EFBC}") = "AntiFraud.Tests", "AntiFraud.Tests\AntiFraud.Tests.csproj", "{1D6AEB64-053E-44C8-A235-E91F9BA1F30D}"
EndProject
Global
	GlobalSection(SolutionConfigurationPlatforms) = preSolution
		Debug|Any CPU = Debug|Any CPU
		Release|Any CPU = Release|Any CPU
	EndGlobalSection
	GlobalSection(ProjectConfigurationPlatforms) = postSolution
		{16C97032-CFDD-4277-966B-9B2042ABB6C5}.Debug|Any CPU.ActiveCfg = Debug|Any CPU
		{16C97032-CFDD-4277-966B-9B2042ABB6C5}.Debug|Any CPU.Build.0 = Debug|Any CPU
		{16C97032-CFDD-4277-966B-9B2042ABB6C5}.Release|Any CPU.ActiveCfg = Release|Any CPU
		{16C97032-CFDD-4277-966B-9B2042ABB6C5}.Release|Any CPU.Build.0 = Release|Any CPU
		{1D6AEB64-053E-44C8-A235-E91F9BA1F30D}.Debug|Any CPU.ActiveCfg = Debug|Any CPU
		{1D6AEB64-053E-44C8-A235-E91F9BA1F30D}.Debug|Any CPU.Build.0 = Debug|Any CPU
		{1D6AEB64-053E-44C8-A235-E91F9BA1F30D}.Release|Any CPU.ActiveCfg = Release|Any CPU
		{1D6AEB64-053E-44C8-A235-E91F9BA1F30D}.Release|Any CPU.Build.0 = Release|Any CPU
	EndGlobalSection
	GlobalSection(SolutionProperties) = preSolution
		HideSolutionNode = FALSE
	EndGlobalSection
	GlobalSection(ExtensibilityGlobals) = postSolution
		SolutionGuid = {ACBA0F37-4BDE-4F92-8F78-4370FE71550B}
	EndGlobalSection
EndGlobal
